
Microsoft Visual Studio Solution File, Format Version 12.00
# Visual Studio 15
VisualStudioVersion = 15.0.28307.852
MinimumVisualStudioVersion = 10.0.40219.1
Project("{9A19103F-16F7-4668-BE54-9A1E7A4F7556}") = "Marsen.Utility", "Marsen.Utility\Marsen.Utility.csproj", "{663E153C-4701-4BF1-8771-A21ADBC22363}"
EndProject
Global
	GlobalSection(SolutionConfigurationPlatforms) = preSolution
		Debug|Any CPU = Debug|Any CPU
		Release|Any CPU = Release|Any CPU
	EndGlobalSection
	GlobalSection(ProjectConfigurationPlatforms) = postSolution
		{663E153C-4701-4BF1-8771-A21ADBC22363}.Debug|Any CPU.ActiveCfg = Debug|Any CPU
		{663E153C-4701-4BF1-8771-A21ADBC22363}.Debug|Any CPU.Build.0 = Debug|Any CPU
		{663E153C-4701-4BF1-8771-A21ADBC22363}.Release|Any CPU.ActiveCfg = Release|Any CPU
		{663E153C-4701-4BF1-8771-A21ADBC22363}.Release|Any CPU.Build.0 = Release|Any CPU
	EndGlobalSection
	GlobalSection(SolutionProperties) = preSolution
		HideSolutionNode = FALSE
	EndGlobalSection
	GlobalSection(ExtensibilityGlobals) = postSolution
		SolutionGuid = {83432CF3-5D4E-4C9E-9500-3CAC704195CD}
	EndGlobalSection
EndGlobal
